
Microsoft Visual Studio Solution File, Format Version 12.00
# Visual Studio Version 17
VisualStudioVersion = 17.8.34330.188
MinimumVisualStudioVersion = 10.0.40219.1
Project("{FAE04EC0-301F-11D3-BF4B-00C04F79EFBC}") = "ConsolerFirst", "ConsolerFirst\ConsolerFirst.csproj", "{EAB756AB-9082-49CA-99E1-F58363169A98}"
EndProject
Project("{FAE04EC0-301F-11D3-BF4B-00C04F79EFBC}") = "BE072024.Common_NetFramework", "BE2507.Common\BE072024.Common_NetFramework.csproj", "{1F945DA2-BA0E-4D25-AD31-F2EC9C65E287}"
EndProject
Project("{FAE04EC0-301F-11D3-BF4B-00C04F79EFBC}") = "BE072024.DataAccess_NetFramwork", "BE072024.DataAccess_NetFramwork\BE072024.DataAccess_NetFramwork.csproj", "{2AF23A91-0159-42D4-BEF7-DB6BC3479A76}"
EndProject
Global
	GlobalSection(SolutionConfigurationPlatforms) = preSolution
		Debug|Any CPU = Debug|Any CPU
		Release|Any CPU = Release|Any CPU
	EndGlobalSection
	GlobalSection(ProjectConfigurationPlatforms) = postSolution
		{EAB756AB-9082-49CA-99E1-F58363169A98}.Debug|Any CPU.ActiveCfg = Debug|Any CPU
		{EAB756AB-9082-49CA-99E1-F58363169A98}.Debug|Any CPU.Build.0 = Debug|Any CPU
		{EAB756AB-9082-49CA-99E1-F58363169A98}.Release|Any CPU.ActiveCfg = Release|Any CPU
		{EAB756AB-9082-49CA-99E1-F58363169A98}.Release|Any CPU.Build.0 = Release|Any CPU
		{1F945DA2-BA0E-4D25-AD31-F2EC9C65E287}.Debug|Any CPU.ActiveCfg = Debug|Any CPU
		{1F945DA2-BA0E-4D25-AD31-F2EC9C65E287}.Debug|Any CPU.Build.0 = Debug|Any CPU
		{1F945DA2-BA0E-4D25-AD31-F2EC9C65E287}.Release|Any CPU.ActiveCfg = Release|Any CPU
		{1F945DA2-BA0E-4D25-AD31-F2EC9C65E287}.Release|Any CPU.Build.0 = Release|Any CPU
		{2AF23A91-0159-42D4-BEF7-DB6BC3479A76}.Debug|Any CPU.ActiveCfg = Debug|Any CPU
		{2AF23A91-0159-42D4-BEF7-DB6BC3479A76}.Debug|Any CPU.Build.0 = Debug|Any CPU
		{2AF23A91-0159-42D4-BEF7-DB6BC3479A76}.Release|Any CPU.ActiveCfg = Release|Any CPU
		{2AF23A91-0159-42D4-BEF7-DB6BC3479A76}.Release|Any CPU.Build.0 = Release|Any CPU
	EndGlobalSection
	GlobalSection(SolutionProperties) = preSolution
		HideSolutionNode = FALSE
	EndGlobalSection
	GlobalSection(ExtensibilityGlobals) = postSolution
		SolutionGuid = {BE4A51FB-E207-450D-8E63-D2C6A4D78D51}
	EndGlobalSection
EndGlobal
